// !$*UTF8*$!
{
	archiveVersion = 1;
	classes = {
	};
	objectVersion = 46;
	objects = {

/* Begin PBXBuildFile section */
		4B0A187D1D0E6CA6000CBA4C /* LineLayout.swift in Sources */ = {isa = PBXBuildFile; fileRef = 4B0A187C1D0E6CA6000CBA4C /* LineLayout.swift */; };
		4B0F822A1D0D6EBC00FCA6A3 /* CirCleLayout.swift in Sources */ = {isa = PBXBuildFile; fileRef = 4B0F82291D0D6EBC00FCA6A3 /* CirCleLayout.swift */; };
		4B10F56D1D0AAA4500226BFC /* AppDelegate.swift in Sources */ = {isa = PBXBuildFile; fileRef = 4B10F56C1D0AAA4500226BFC /* AppDelegate.swift */; };
		4B10F56F1D0AAA4500226BFC /* ViewController.swift in Sources */ = {isa = PBXBuildFile; fileRef = 4B10F56E1D0AAA4500226BFC /* ViewController.swift */; };
		4B10F5721D0AAA4500226BFC /* Main.storyboard in Resources */ = {isa = PBXBuildFile; fileRef = 4B10F5701D0AAA4500226BFC /* Main.storyboard */; };
		4B10F5741D0AAA4500226BFC /* Assets.xcassets in Resources */ = {isa = PBXBuildFile; fileRef = 4B10F5731D0AAA4500226BFC /* Assets.xcassets */; };
		4B10F5771D0AAA4500226BFC /* LaunchScreen.storyboard in Resources */ = {isa = PBXBuildFile; fileRef = 4B10F5751D0AAA4500226BFC /* LaunchScreen.storyboard */; };
		4B10F5821D0AAA4500226BFC /* ColloectionLayoutTests.swift in Sources */ = {isa = PBXBuildFile; fileRef = 4B10F5811D0AAA4500226BFC /* ColloectionLayoutTests.swift */; };
		4B10F58D1D0AAA4500226BFC /* ColloectionLayoutUITests.swift in Sources */ = {isa = PBXBuildFile; fileRef = 4B10F58C1D0AAA4500226BFC /* ColloectionLayoutUITests.swift */; };
		4B10F59B1D0C308100226BFC /* WaterFallLayout.swift in Sources */ = {isa = PBXBuildFile; fileRef = 4B10F59A1D0C308100226BFC /* WaterFallLayout.swift */; };
/* End PBXBuildFile section */

/* Begin PBXContainerItemProxy section */
		4B10F57E1D0AAA4500226BFC /* PBXContainerItemProxy */ = {
			isa = PBXContainerItemProxy;
			containerPortal = 4B10F5611D0AAA4500226BFC /* Project object */;
			proxyType = 1;
			remoteGlobalIDString = 4B10F5681D0AAA4500226BFC;
			remoteInfo = ColloectionLayout;
		};
		4B10F5891D0AAA4500226BFC /* PBXContainerItemProxy */ = {
			isa = PBXContainerItemProxy;
			containerPortal = 4B10F5611D0AAA4500226BFC /* Project object */;
			proxyType = 1;
			remoteGlobalIDString = 4B10F5681D0AAA4500226BFC;
			remoteInfo = ColloectionLayout;
		};
/* End PBXContainerItemProxy section */

/* Begin PBXFileReference section */
		4B0A187C1D0E6CA6000CBA4C /* LineLayout.swift */ = {isa = PBXFileReference; fileEncoding = 4; lastKnownFileType = sourcecode.swift; path = LineLayout.swift; sourceTree = "<group>"; };
		4B0F82291D0D6EBC00FCA6A3 /* CirCleLayout.swift */ = {isa = PBXFileReference; fileEncoding = 4; lastKnownFileType = sourcecode.swift; path = CirCleLayout.swift; sourceTree = "<group>"; };
		4B10F5691D0AAA4500226BFC /* ColloectionLayout.app */ = {isa = PBXFileReference; explicitFileType = wrapper.application; includeInIndex = 0; path = ColloectionLayout.app; sourceTree = BUILT_PRODUCTS_DIR; };
		4B10F56C1D0AAA4500226BFC /* AppDelegate.swift */ = {isa = PBXFileReference; lastKnownFileType = sourcecode.swift; path = AppDelegate.swift; sourceTree = "<group>"; };
		4B10F56E1D0AAA4500226BFC /* ViewController.swift */ = {isa = PBXFileReference; lastKnownFileType = sourcecode.swift; path = ViewController.swift; sourceTree = "<group>"; };
		4B10F5711D0AAA4500226BFC /* Base */ = {isa = PBXFileReference; lastKnownFileType = file.storyboard; name = Base; path = Base.lproj/Main.storyboard; sourceTree = "<group>"; };
		4B10F5731D0AAA4500226BFC /* Assets.xcassets */ = {isa = PBXFileReference; lastKnownFileType = folder.assetcatalog; path = Assets.xcassets; sourceTree = "<group>"; };
		4B10F5761D0AAA4500226BFC /* Base */ = {isa = PBXFileReference; lastKnownFileType = file.storyboard; name = Base; path = Base.lproj/LaunchScreen.storyboard; sourceTree = "<group>"; };
		4B10F5781D0AAA4500226BFC /* Info.plist */ = {isa = PBXFileReference; lastKnownFileType = text.plist.xml; path = Info.plist; sourceTree = "<group>"; };
		4B10F57D1D0AAA4500226BFC /* ColloectionLayoutTests.xctest */ = {isa = PBXFileReference; explicitFileType = wrapper.cfbundle; includeInIndex = 0; path = ColloectionLayoutTests.xctest; sourceTree = BUILT_PRODUCTS_DIR; };
		4B10F5811D0AAA4500226BFC /* ColloectionLayoutTests.swift */ = {isa = PBXFileReference; lastKnownFileType = sourcecode.swift; path = ColloectionLayoutTests.swift; sourceTree = "<group>"; };
		4B10F5831D0AAA4500226BFC /* Info.plist */ = {isa = PBXFileReference; lastKnownFileType = text.plist.xml; path = Info.plist; sourceTree = "<group>"; };
		4B10F5881D0AAA4500226BFC /* ColloectionLayoutUITests.xctest */ = {isa = PBXFileReference; explicitFileType = wrapper.cfbundle; includeInIndex = 0; path = ColloectionLayoutUITests.xctest; sourceTree = BUILT_PRODUCTS_DIR; };
		4B10F58C1D0AAA4500226BFC /* ColloectionLayoutUITests.swift */ = {isa = PBXFileReference; lastKnownFileType = sourcecode.swift; path = ColloectionLayoutUITests.swift; sourceTree = "<group>"; };
		4B10F58E1D0AAA4500226BFC /* Info.plist */ = {isa = PBXFileReference; lastKnownFileType = text.plist.xml; path = Info.plist; sourceTree = "<group>"; };
		4B10F59A1D0C308100226BFC /* WaterFallLayout.swift */ = {isa = PBXFileReference; fileEncoding = 4; lastKnownFileType = sourcecode.swift; path = WaterFallLayout.swift; sourceTree = "<group>"; };
/* End PBXFileReference section */

/* Begin PBXFrameworksBuildPhase section */
		4B10F5661D0AAA4500226BFC /* Frameworks */ = {
			isa = PBXFrameworksBuildPhase;
			buildActionMask = 2147483647;
			files = (
			);
			runOnlyForDeploymentPostprocessing = 0;
		};
		4B10F57A1D0AAA4500226BFC /* Frameworks */ = {
			isa = PBXFrameworksBuildPhase;
			buildActionMask = 2147483647;
			files = (
			);
			runOnlyForDeploymentPostprocessing = 0;
		};
		4B10F5851D0AAA4500226BFC /* Frameworks */ = {
			isa = PBXFrameworksBuildPhase;
			buildActionMask = 2147483647;
			files = (
			);
			runOnlyForDeploymentPostprocessing = 0;
		};
/* End PBXFrameworksBuildPhase section */

/* Begin PBXGroup section */
		4B10F5601D0AAA4500226BFC = {
			isa = PBXGroup;
			children = (
				4B10F56B1D0AAA4500226BFC /* ColloectionLayout */,
				4B10F5801D0AAA4500226BFC /* ColloectionLayoutTests */,
				4B10F58B1D0AAA4500226BFC /* ColloectionLayoutUITests */,
				4B10F56A1D0AAA4500226BFC /* Products */,
			);
			sourceTree = "<group>";
		};
		4B10F56A1D0AAA4500226BFC /* Products */ = {
			isa = PBXGroup;
			children = (
				4B10F5691D0AAA4500226BFC /* ColloectionLayout.app */,
				4B10F57D1D0AAA4500226BFC /* ColloectionLayoutTests.xctest */,
				4B10F5881D0AAA4500226BFC /* ColloectionLayoutUITests.xctest */,
			);
			name = Products;
			sourceTree = "<group>";
		};
		4B10F56B1D0AAA4500226BFC /* ColloectionLayout */ = {
			isa = PBXGroup;
			children = (
				4B10F56C1D0AAA4500226BFC /* AppDelegate.swift */,
				4B10F56E1D0AAA4500226BFC /* ViewController.swift */,
				4B0A187C1D0E6CA6000CBA4C /* LineLayout.swift */,
				4B10F59A1D0C308100226BFC /* WaterFallLayout.swift */,
				4B0F82291D0D6EBC00FCA6A3 /* CirCleLayout.swift */,
				4B10F5701D0AAA4500226BFC /* Main.storyboard */,
				4B10F5731D0AAA4500226BFC /* Assets.xcassets */,
				4B10F5751D0AAA4500226BFC /* LaunchScreen.storyboard */,
				4B10F5781D0AAA4500226BFC /* Info.plist */,
			);
			path = ColloectionLayout;
			sourceTree = "<group>";
		};
		4B10F5801D0AAA4500226BFC /* ColloectionLayoutTests */ = {
			isa = PBXGroup;
			children = (
				4B10F5811D0AAA4500226BFC /* ColloectionLayoutTests.swift */,
				4B10F5831D0AAA4500226BFC /* Info.plist */,
			);
			path = ColloectionLayoutTests;
			sourceTree = "<group>";
		};
		4B10F58B1D0AAA4500226BFC /* ColloectionLayoutUITests */ = {
			isa = PBXGroup;
			children = (
				4B10F58C1D0AAA4500226BFC /* ColloectionLayoutUITests.swift */,
				4B10F58E1D0AAA4500226BFC /* Info.plist */,
			);
			path = ColloectionLayoutUITests;
			sourceTree = "<group>";
		};
/* End PBXGroup section */

/* Begin PBXNativeTarget section */
		4B10F5681D0AAA4500226BFC /* ColloectionLayout */ = {
			isa = PBXNativeTarget;
			buildConfigurationList = 4B10F5911D0AAA4500226BFC /* Build configuration list for PBXNativeTarget "ColloectionLayout" */;
			buildPhases = (
				4B10F5651D0AAA4500226BFC /* Sources */,
				4B10F5661D0AAA4500226BFC /* Frameworks */,
				4B10F5671D0AAA4500226BFC /* Resources */,
			);
			buildRules = (
			);
			dependencies = (
			);
			name = ColloectionLayout;
			productName = ColloectionLayout;
			productReference = 4B10F5691D0AAA4500226BFC /* ColloectionLayout.app */;
			productType = "com.apple.product-type.application";
		};
		4B10F57C1D0AAA4500226BFC /* ColloectionLayoutTests */ = {
			isa = PBXNativeTarget;
			buildConfigurationList = 4B10F5941D0AAA4500226BFC /* Build configuration list for PBXNativeTarget "ColloectionLayoutTests" */;
			buildPhases = (
				4B10F5791D0AAA4500226BFC /* Sources */,
				4B10F57A1D0AAA4500226BFC /* Frameworks */,
				4B10F57B1D0AAA4500226BFC /* Resources */,
			);
			buildRules = (
			);
			dependencies = (
				4B10F57F1D0AAA4500226BFC /* PBXTargetDependency */,
			);
			name = ColloectionLayoutTests;
			productName = ColloectionLayoutTests;
			productReference = 4B10F57D1D0AAA4500226BFC /* ColloectionLayoutTests.xctest */;
			productType = "com.apple.product-type.bundle.unit-test";
		};
		4B10F5871D0AAA4500226BFC /* ColloectionLayoutUITests */ = {
			isa = PBXNativeTarget;
			buildConfigurationList = 4B10F5971D0AAA4500226BFC /* Build configuration list for PBXNativeTarget "ColloectionLayoutUITests" */;
			buildPhases = (
				4B10F5841D0AAA4500226BFC /* Sources */,
				4B10F5851D0AAA4500226BFC /* Frameworks */,
				4B10F5861D0AAA4500226BFC /* Resources */,
			);
			buildRules = (
			);
			dependencies = (
				4B10F58A1D0AAA4500226BFC /* PBXTargetDependency */,
			);
			name = ColloectionLayoutUITests;
			productName = ColloectionLayoutUITests;
			productReference = 4B10F5881D0AAA4500226BFC /* ColloectionLayoutUITests.xctest */;
			productType = "com.apple.product-type.bundle.ui-testing";
		};
/* End PBXNativeTarget section */

/* Begin PBXProject section */
		4B10F5611D0AAA4500226BFC /* Project object */ = {
			isa = PBXProject;
			attributes = {
				LastSwiftUpdateCheck = 0730;
				LastUpgradeCheck = 0800;
				ORGANIZATIONNAME = ZeroJ;
				TargetAttributes = {
					4B10F5681D0AAA4500226BFC = {
						CreatedOnToolsVersion = 7.3;
						DevelopmentTeam = 9G8PCT5S2D;
						DevelopmentTeamName = "晶 曾 (Personal Team)";
					};
					4B10F57C1D0AAA4500226BFC = {
						CreatedOnToolsVersion = 7.3;
						TestTargetID = 4B10F5681D0AAA4500226BFC;
					};
					4B10F5871D0AAA4500226BFC = {
						CreatedOnToolsVersion = 7.3;
						TestTargetID = 4B10F5681D0AAA4500226BFC;
					};
				};
			};
			buildConfigurationList = 4B10F5641D0AAA4500226BFC /* Build configuration list for PBXProject "ColloectionLayout" */;
			compatibilityVersion = "Xcode 3.2";
			developmentRegion = English;
			hasScannedForEncodings = 0;
			knownRegions = (
				en,
				Base,
			);
			mainGroup = 4B10F5601D0AAA4500226BFC;
			productRefGroup = 4B10F56A1D0AAA4500226BFC /* Products */;
			projectDirPath = "";
			projectRoot = "";
			targets = (
				4B10F5681D0AAA4500226BFC /* ColloectionLayout */,
				4B10F57C1D0AAA4500226BFC /* ColloectionLayoutTests */,
				4B10F5871D0AAA4500226BFC /* ColloectionLayoutUITests */,
			);
		};
/* End PBXProject section */

/* Begin PBXResourcesBuildPhase section */
		4B10F5671D0AAA4500226BFC /* Resources */ = {
			isa = PBXResourcesBuildPhase;
			buildActionMask = 2147483647;
			files = (
				4B10F5771D0AAA4500226BFC /* LaunchScreen.storyboard in Resources */,
				4B10F5741D0AAA4500226BFC /* Assets.xcassets in Resources */,
				4B10F5721D0AAA4500226BFC /* Main.storyboard in Resources */,
			);
			runOnlyForDeploymentPostprocessing = 0;
		};
		4B10F57B1D0AAA4500226BFC /* Resources */ = {
			isa = PBXResourcesBuildPhase;
			buildActionMask = 2147483647;
			files = (
			);
			runOnlyForDeploymentPostprocessing = 0;
		};
		4B10F5861D0AAA4500226BFC /* Resources */ = {
			isa = PBXResourcesBuildPhase;
			buildActionMask = 2147483647;
			files = (
			);
			runOnlyForDeploymentPostprocessing = 0;
		};
/* End PBXResourcesBuildPhase section */

/* Begin PBXSourcesBuildPhase section */
		4B10F5651D0AAA4500226BFC /* Sources */ = {
			isa = PBXSourcesBuildPhase;
			buildActionMask = 2147483647;
			files = (
				4B10F59B1D0C308100226BFC /* WaterFallLayout.swift in Sources */,
				4B0F822A1D0D6EBC00FCA6A3 /* CirCleLayout.swift in Sources */,
				4B10F56F1D0AAA4500226BFC /* ViewController.swift in Sources */,
				4B0A187D1D0E6CA6000CBA4C /* LineLayout.swift in Sources */,
				4B10F56D1D0AAA4500226BFC /* AppDelegate.swift in Sources */,
			);
			runOnlyForDeploymentPostprocessing = 0;
		};
		4B10F5791D0AAA4500226BFC /* Sources */ = {
			isa = PBXSourcesBuildPhase;
			buildActionMask = 2147483647;
			files = (
				4B10F5821D0AAA4500226BFC /* ColloectionLayoutTests.swift in Sources */,
			);
			runOnlyForDeploymentPostprocessing = 0;
		};
		4B10F5841D0AAA4500226BFC /* Sources */ = {
			isa = PBXSourcesBuildPhase;
			buildActionMask = 2147483647;
			files = (
				4B10F58D1D0AAA4500226BFC /* ColloectionLayoutUITests.swift in Sources */,
			);
			runOnlyForDeploymentPostprocessing = 0;
		};
/* End PBXSourcesBuildPhase section */

/* Begin PBXTargetDependency section */
		4B10F57F1D0AAA4500226BFC /* PBXTargetDependency */ = {
			isa = PBXTargetDependency;
			target = 4B10F5681D0AAA4500226BFC /* ColloectionLayout */;
			targetProxy = 4B10F57E1D0AAA4500226BFC /* PBXContainerItemProxy */;
		};
		4B10F58A1D0AAA4500226BFC /* PBXTargetDependency */ = {
			isa = PBXTargetDependency;
			target = 4B10F5681D0AAA4500226BFC /* ColloectionLayout */;
			targetProxy = 4B10F5891D0AAA4500226BFC /* PBXContainerItemProxy */;
		};
/* End PBXTargetDependency section */

/* Begin PBXVariantGroup section */
		4B10F5701D0AAA4500226BFC /* Main.storyboard */ = {
			isa = PBXVariantGroup;
			children = (
				4B10F5711D0AAA4500226BFC /* Base */,
			);
			name = Main.storyboard;
			sourceTree = "<group>";
		};
		4B10F5751D0AAA4500226BFC /* LaunchScreen.storyboard */ = {
			isa = PBXVariantGroup;
			children = (
				4B10F5761D0AAA4500226BFC /* Base */,
			);
			name = LaunchScreen.storyboard;
			sourceTree = "<group>";
		};
/* End PBXVariantGroup section */

/* Begin XCBuildConfiguration section */
		4B10F58F1D0AAA4500226BFC /* Debug */ = {
			isa = XCBuildConfiguration;
			buildSettings = {
				ALWAYS_SEARCH_USER_PATHS = NO;
				CLANG_ANALYZER_NONNULL = YES;
				CLANG_CXX_LANGUAGE_STANDARD = "gnu++0x";
				CLANG_CXX_LIBRARY = "libc++";
				CLANG_ENABLE_MODULES = YES;
				CLANG_ENABLE_OBJC_ARC = YES;
				CLANG_WARN_BOOL_CONVERSION = YES;
				CLANG_WARN_CONSTANT_CONVERSION = YES;
				CLANG_WARN_DIRECT_OBJC_ISA_USAGE = YES_ERROR;
				CLANG_WARN_EMPTY_BODY = YES;
				CLANG_WARN_ENUM_CONVERSION = YES;
				CLANG_WARN_INT_CONVERSION = YES;
				CLANG_WARN_OBJC_ROOT_CLASS = YES_ERROR;
				CLANG_WARN_UNREACHABLE_CODE = YES;
				CLANG_WARN__DUPLICATE_METHOD_MATCH = YES;
				"CODE_SIGN_IDENTITY[sdk=iphoneos*]" = "iPhone Developer";
				COPY_PHASE_STRIP = NO;
				DEBUG_INFORMATION_FORMAT = dwarf;
				ENABLE_STRICT_OBJC_MSGSEND = YES;
				ENABLE_TESTABILITY = YES;
				GCC_C_LANGUAGE_STANDARD = gnu99;
				GCC_DYNAMIC_NO_PIC = NO;
				GCC_NO_COMMON_BLOCKS = YES;
				GCC_OPTIMIZATION_LEVEL = 0;
				GCC_PREPROCESSOR_DEFINITIONS = (
					"DEBUG=1",
					"$(inherited)",
				);
				GCC_WARN_64_TO_32_BIT_CONVERSION = YES;
				GCC_WARN_ABOUT_RETURN_TYPE = YES_ERROR;
				GCC_WARN_UNDECLARED_SELECTOR = YES;
				GCC_WARN_UNINITIALIZED_AUTOS = YES_AGGRESSIVE;
				GCC_WARN_UNUSED_FUNCTION = YES;
				GCC_WARN_UNUSED_VARIABLE = YES;
				IPHONEOS_DEPLOYMENT_TARGET = 9.3;
				MTL_ENABLE_DEBUG_INFO = YES;
				ONLY_ACTIVE_ARCH = YES;
				SDKROOT = iphoneos;
				SWIFT_OPTIMIZATION_LEVEL = "-Onone";
				TARGETED_DEVICE_FAMILY = "1,2";
			};
			name = Debug;
		};
		4B10F5901D0AAA4500226BFC /* Release */ = {
			isa = XCBuildConfiguration;
			buildSettings = {
				ALWAYS_SEARCH_USER_PATHS = NO;
				CLANG_ANALYZER_NONNULL = YES;
				CLANG_CXX_LANGUAGE_STANDARD = "gnu++0x";
				CLANG_CXX_LIBRARY = "libc++";
				CLANG_ENABLE_MODULES = YES;
				CLANG_ENABLE_OBJC_ARC = YES;
				CLANG_WARN_BOOL_CONVERSION = YES;
				CLANG_WARN_CONSTANT_CONVERSION = YES;
				CLANG_WARN_DIRECT_OBJC_ISA_USAGE = YES_ERROR;
				CLANG_WARN_EMPTY_BODY = YES;
				CLANG_WARN_ENUM_CONVERSION = YES;
				CLANG_WARN_INT_CONVERSION = YES;
				CLANG_WARN_OBJC_ROOT_CLASS = YES_ERROR;
				CLANG_WARN_UNREACHABLE_CODE = YES;
				CLANG_WARN__DUPLICATE_METHOD_MATCH = YES;
				"CODE_SIGN_IDENTITY[sdk=iphoneos*]" = "iPhone Developer";
				COPY_PHASE_STRIP = NO;
				DEBUG_INFORMATION_FORMAT = "dwarf-with-dsym";
				ENABLE_NS_ASSERTIONS = NO;
				ENABLE_STRICT_OBJC_MSGSEND = YES;
				GCC_C_LANGUAGE_STANDARD = gnu99;
				GCC_NO_COMMON_BLOCKS = YES;
				GCC_WARN_64_TO_32_BIT_CONVERSION = YES;
				GCC_WARN_ABOUT_RETURN_TYPE = YES_ERROR;
				GCC_WARN_UNDECLARED_SELECTOR = YES;
				GCC_WARN_UNINITIALIZED_AUTOS = YES_AGGRESSIVE;
				GCC_WARN_UNUSED_FUNCTION = YES;
				GCC_WARN_UNUSED_VARIABLE = YES;
				IPHONEOS_DEPLOYMENT_TARGET = 9.3;
				MTL_ENABLE_DEBUG_INFO = NO;
				SDKROOT = iphoneos;
				TARGETED_DEVICE_FAMILY = "1,2";
				VALIDATE_PRODUCT = YES;
			};
			name = Release;
		};
		4B10F5921D0AAA4500226BFC /* Debug */ = {
			isa = XCBuildConfiguration;
			buildSettings = {
				ASSETCATALOG_COMPILER_APPICON_NAME = AppIcon;
				INFOPLIST_FILE = ColloectionLayout/Info.plist;
				IPHONEOS_DEPLOYMENT_TARGET = 10.0;
				LD_RUNPATH_SEARCH_PATHS = "$(inherited) @executable_path/Frameworks";
				PRODUCT_BUNDLE_IDENTIFIER = com.ZeroJ.ColloectionLayout;
				PRODUCT_NAME = "$(TARGET_NAME)";
				SWIFT_VERSION = 3.0;
			};
			name = Debug;
		};
		4B10F5931D0AAA4500226BFC /* Release */ = {
			isa = XCBuildConfiguration;
			buildSettings = {
				ASSETCATALOG_COMPILER_APPICON_NAME = AppIcon;
				INFOPLIST_FILE = ColloectionLayout/Info.plist;
				IPHONEOS_DEPLOYMENT_TARGET = 10.0;
				LD_RUNPATH_SEARCH_PATHS = "$(inherited) @executable_path/Frameworks";
				PRODUCT_BUNDLE_IDENTIFIER = com.ZeroJ.ColloectionLayout;
				PRODUCT_NAME = "$(TARGET_NAME)";
				SWIFT_OPTIMIZATION_LEVEL = "-Owholemodule";
				SWIFT_VERSION = 3.0;
			};
			name = Release;
		};
		4B10F5951D0AAA4500226BFC /* Debug */ = {
			isa = XCBuildConfiguration;
			buildSettings = {
				BUNDLE_LOADER = "$(TEST_HOST)";
				INFOPLIST_FILE = ColloectionLayoutTests/Info.plist;
				LD_RUNPATH_SEARCH_PATHS = "$(inherited) @executable_path/Frameworks @loader_path/Frameworks";
				PRODUCT_BUNDLE_IDENTIFIER = com.ZeroJ.ColloectionLayoutTests;
				PRODUCT_NAME = "$(TARGET_NAME)";
				TEST_HOST = "$(BUILT_PRODUCTS_DIR)/ColloectionLayout.app/ColloectionLayout";
			};
			name = Debug;
		};
		4B10F5961D0AAA4500226BFC /* Release */ = {
			isa = XCBuildConfiguration;
			buildSettings = {
				BUNDLE_LOADER = "$(TEST_HOST)";
				INFOPLIST_FILE = ColloectionLayoutTests/Info.plist;
				LD_RUNPATH_SEARCH_PATHS = "$(inherited) @executable_path/Frameworks @loader_path/Frameworks";
				PRODUCT_BUNDLE_IDENTIFIER = com.ZeroJ.ColloectionLayoutTests;
				PRODUCT_NAME = "$(TARGET_NAME)";
				SWIFT_OPTIMIZATION_LEVEL = "-Owholemodule";
				TEST_HOST = "$(BUILT_PRODUCTS_DIR)/ColloectionLayout.app/ColloectionLayout";
			};
			name = Release;
		};
		4B10F5981D0AAA4500226BFC /* Debug */ = {
			isa = XCBuildConfiguration;
			buildSettings = {
				INFOPLIST_FILE = ColloectionLayoutUITests/Info.plist;
				LD_RUNPATH_SEARCH_PATHS = "$(inherited) @executable_path/Frameworks @loader_path/Frameworks";
				PRODUCT_BUNDLE_IDENTIFIER = com.ZeroJ.ColloectionLayoutUITests;
				PRODUCT_NAME = "$(TARGET_NAME)";
				TEST_TARGET_NAME = ColloectionLayout;
			};
			name = Debug;
		};
		4B10F5991D0AAA4500226BFC /* Release */ = {
			isa = XCBuildConfiguration;
			buildSettings = {
				INFOPLIST_FILE = ColloectionLayoutUITests/Info.plist;
				LD_RUNPATH_SEARCH_PATHS = "$(inherited) @executable_path/Frameworks @loader_path/Frameworks";
				PRODUCT_BUNDLE_IDENTIFIER = com.ZeroJ.ColloectionLayoutUITests;
				PRODUCT_NAME = "$(TARGET_NAME)";
				SWIFT_OPTIMIZATION_LEVEL = "-Owholemodule";
				TEST_TARGET_NAME = ColloectionLayout;
			};
			name = Release;
		};
/* End XCBuildConfiguration section */

/* Begin XCConfigurationList section */
		4B10F5641D0AAA4500226BFC /* Build configuration list for PBXProject "ColloectionLayout" */ = {
			isa = XCConfigurationList;
			buildConfigurations = (
				4B10F58F1D0AAA4500226BFC /* Debug */,
				4B10F5901D0AAA4500226BFC /* Release */,
			);
			defaultConfigurationIsVisible = 0;
			defaultConfigurationName = Release;
		};
		4B10F5911D0AAA4500226BFC /* Build configuration list for PBXNativeTarget "ColloectionLayout" */ = {
			isa = XCConfigurationList;
			buildConfigurations = (
				4B10F5921D0AAA4500226BFC /* Debug */,
				4B10F5931D0AAA4500226BFC /* Release */,
			);
			defaultConfigurationIsVisible = 0;
			defaultConfigurationName = Release;
		};
		4B10F5941D0AAA4500226BFC /* Build configuration list for PBXNativeTarget "ColloectionLayoutTests" */ = {
			isa = XCConfigurationList;
			buildConfigurations = (
				4B10F5951D0AAA4500226BFC /* Debug */,
				4B10F5961D0AAA4500226BFC /* Release */,
			);
			defaultConfigurationIsVisible = 0;
			defaultConfigurationName = Release;
		};
		4B10F5971D0AAA4500226BFC /* Build configuration list for PBXNativeTarget "ColloectionLayoutUITests" */ = {
			isa = XCConfigurationList;
			buildConfigurations = (
				4B10F5981D0AAA4500226BFC /* Debug */,
				4B10F5991D0AAA4500226BFC /* Release */,
			);
			defaultConfigurationIsVisible = 0;
			defaultConfigurationName = Release;
		};
/* End XCConfigurationList section */
	};
	rootObject = 4B10F5611D0AAA4500226BFC /* Project object */;
}
